
Microsoft Visual Studio Solution File, Format Version 12.00
# Visual Studio Version 16
VisualStudioVersion = 16.0.30907.101
MinimumVisualStudioVersion = 10.0.40219.1
Project("{FAE04EC0-301F-11D3-BF4B-00C04F79EFBC}") = "exercice 5", "exercice 5\exercice 5.csproj", "{2BDB70A3-6407-4F94-8904-B0F28DC07197}"
EndProject
Global
	GlobalSection(SolutionConfigurationPlatforms) = preSolution
		Debug|Any CPU = Debug|Any CPU
		Release|Any CPU = Release|Any CPU
	EndGlobalSection
	GlobalSection(ProjectConfigurationPlatforms) = postSolution
		{2BDB70A3-6407-4F94-8904-B0F28DC07197}.Debug|Any CPU.ActiveCfg = Debug|Any CPU
		{2BDB70A3-6407-4F94-8904-B0F28DC07197}.Debug|Any CPU.Build.0 = Debug|Any CPU
		{2BDB70A3-6407-4F94-8904-B0F28DC07197}.Release|Any CPU.ActiveCfg = Release|Any CPU
		{2BDB70A3-6407-4F94-8904-B0F28DC07197}.Release|Any CPU.Build.0 = Release|Any CPU
	EndGlobalSection
	GlobalSection(SolutionProperties) = preSolution
		HideSolutionNode = FALSE
	EndGlobalSection
	GlobalSection(ExtensibilityGlobals) = postSolution
		SolutionGuid = {08A59CDE-BDB1-4739-81E3-16394961E747}
	EndGlobalSection
EndGlobal
