
Microsoft Visual Studio Solution File, Format Version 12.00
# Visual Studio Version 16
VisualStudioVersion = 16.0.30907.101
MinimumVisualStudioVersion = 10.0.40219.1
Project("{9A19103F-16F7-4668-BE54-9A1E7A4F7556}") = "projet 1", "projet 1\projet 1.csproj", "{125071B4-4017-4B8A-849B-9C75A0F27774}"
EndProject
Project("{9A19103F-16F7-4668-BE54-9A1E7A4F7556}") = "projet 5", "projet 5\projet 5.csproj", "{F6C19E62-44A9-4637-992F-87331092C9F2}"
EndProject
Project("{9A19103F-16F7-4668-BE54-9A1E7A4F7556}") = "projet 4", "projet 4\projet 4.csproj", "{B7E95687-19E0-485D-892D-0DCCD9D8A98B}"
EndProject
Project("{9A19103F-16F7-4668-BE54-9A1E7A4F7556}") = "projet 6", "projet 6\projet 6.csproj", "{EC6947F6-B60A-4B60-A771-2AA670DDA41F}"
EndProject
Project("{FAE04EC0-301F-11D3-BF4B-00C04F79EFBC}") = "projet 7", "projet 7\projet 7.csproj", "{DB1F7C38-9300-4165-B4E1-E5330632D303}"
EndProject
Project("{FAE04EC0-301F-11D3-BF4B-00C04F79EFBC}") = "projet 8", "projet 8\projet 8.csproj", "{77408A3C-30EF-415F-BDA0-89F974351C04}"
EndProject
Project("{FAE04EC0-301F-11D3-BF4B-00C04F79EFBC}") = "projet 9", "projet 9\projet 9.csproj", "{91A9F61E-2A57-4169-884E-9481EDA009B9}"
EndProject
Project("{FAE04EC0-301F-11D3-BF4B-00C04F79EFBC}") = "projet 10", "projet 10\projet 10.csproj", "{2B9A4434-9D26-4098-8BAA-681D283C5FAC}"
EndProject
Project("{FAE04EC0-301F-11D3-BF4B-00C04F79EFBC}") = "projet 11", "projet 11\projet 11.csproj", "{083171E7-01AF-4159-91BB-15DA67600DDF}"
EndProject
Global
	GlobalSection(SolutionConfigurationPlatforms) = preSolution
		Debug|Any CPU = Debug|Any CPU
		Release|Any CPU = Release|Any CPU
	EndGlobalSection
	GlobalSection(ProjectConfigurationPlatforms) = postSolution
		{125071B4-4017-4B8A-849B-9C75A0F27774}.Debug|Any CPU.ActiveCfg = Debug|Any CPU
		{125071B4-4017-4B8A-849B-9C75A0F27774}.Debug|Any CPU.Build.0 = Debug|Any CPU
		{125071B4-4017-4B8A-849B-9C75A0F27774}.Release|Any CPU.ActiveCfg = Release|Any CPU
		{125071B4-4017-4B8A-849B-9C75A0F27774}.Release|Any CPU.Build.0 = Release|Any CPU
		{F6C19E62-44A9-4637-992F-87331092C9F2}.Debug|Any CPU.ActiveCfg = Debug|Any CPU
		{F6C19E62-44A9-4637-992F-87331092C9F2}.Debug|Any CPU.Build.0 = Debug|Any CPU
		{F6C19E62-44A9-4637-992F-87331092C9F2}.Release|Any CPU.ActiveCfg = Release|Any CPU
		{F6C19E62-44A9-4637-992F-87331092C9F2}.Release|Any CPU.Build.0 = Release|Any CPU
		{B7E95687-19E0-485D-892D-0DCCD9D8A98B}.Debug|Any CPU.ActiveCfg = Debug|Any CPU
		{B7E95687-19E0-485D-892D-0DCCD9D8A98B}.Debug|Any CPU.Build.0 = Debug|Any CPU
		{B7E95687-19E0-485D-892D-0DCCD9D8A98B}.Release|Any CPU.ActiveCfg = Release|Any CPU
		{B7E95687-19E0-485D-892D-0DCCD9D8A98B}.Release|Any CPU.Build.0 = Release|Any CPU
		{EC6947F6-B60A-4B60-A771-2AA670DDA41F}.Debug|Any CPU.ActiveCfg = Debug|Any CPU
		{EC6947F6-B60A-4B60-A771-2AA670DDA41F}.Debug|Any CPU.Build.0 = Debug|Any CPU
		{EC6947F6-B60A-4B60-A771-2AA670DDA41F}.Release|Any CPU.ActiveCfg = Release|Any CPU
		{EC6947F6-B60A-4B60-A771-2AA670DDA41F}.Release|Any CPU.Build.0 = Release|Any CPU
		{DB1F7C38-9300-4165-B4E1-E5330632D303}.Debug|Any CPU.ActiveCfg = Debug|Any CPU
		{DB1F7C38-9300-4165-B4E1-E5330632D303}.Debug|Any CPU.Build.0 = Debug|Any CPU
		{DB1F7C38-9300-4165-B4E1-E5330632D303}.Release|Any CPU.ActiveCfg = Release|Any CPU
		{DB1F7C38-9300-4165-B4E1-E5330632D303}.Release|Any CPU.Build.0 = Release|Any CPU
		{77408A3C-30EF-415F-BDA0-89F974351C04}.Debug|Any CPU.ActiveCfg = Debug|Any CPU
		{77408A3C-30EF-415F-BDA0-89F974351C04}.Debug|Any CPU.Build.0 = Debug|Any CPU
		{77408A3C-30EF-415F-BDA0-89F974351C04}.Release|Any CPU.ActiveCfg = Release|Any CPU
		{77408A3C-30EF-415F-BDA0-89F974351C04}.Release|Any CPU.Build.0 = Release|Any CPU
		{91A9F61E-2A57-4169-884E-9481EDA009B9}.Debug|Any CPU.ActiveCfg = Debug|Any CPU
		{91A9F61E-2A57-4169-884E-9481EDA009B9}.Debug|Any CPU.Build.0 = Debug|Any CPU
		{91A9F61E-2A57-4169-884E-9481EDA009B9}.Release|Any CPU.ActiveCfg = Release|Any CPU
		{91A9F61E-2A57-4169-884E-9481EDA009B9}.Release|Any CPU.Build.0 = Release|Any CPU
		{2B9A4434-9D26-4098-8BAA-681D283C5FAC}.Debug|Any CPU.ActiveCfg = Debug|Any CPU
		{2B9A4434-9D26-4098-8BAA-681D283C5FAC}.Debug|Any CPU.Build.0 = Debug|Any CPU
		{2B9A4434-9D26-4098-8BAA-681D283C5FAC}.Release|Any CPU.ActiveCfg = Release|Any CPU
		{2B9A4434-9D26-4098-8BAA-681D283C5FAC}.Release|Any CPU.Build.0 = Release|Any CPU
		{083171E7-01AF-4159-91BB-15DA67600DDF}.Debug|Any CPU.ActiveCfg = Debug|Any CPU
		{083171E7-01AF-4159-91BB-15DA67600DDF}.Debug|Any CPU.Build.0 = Debug|Any CPU
		{083171E7-01AF-4159-91BB-15DA67600DDF}.Release|Any CPU.ActiveCfg = Release|Any CPU
		{083171E7-01AF-4159-91BB-15DA67600DDF}.Release|Any CPU.Build.0 = Release|Any CPU
	EndGlobalSection
	GlobalSection(SolutionProperties) = preSolution
		HideSolutionNode = FALSE
	EndGlobalSection
	GlobalSection(ExtensibilityGlobals) = postSolution
		SolutionGuid = {C5B4236B-5179-4397-B352-D6F906B67B11}
	EndGlobalSection
EndGlobal
