
Microsoft Visual Studio Solution File, Format Version 12.00
# Visual Studio Version 16
VisualStudioVersion = 16.0.30907.101
MinimumVisualStudioVersion = 10.0.40219.1
Project("{FAE04EC0-301F-11D3-BF4B-00C04F79EFBC}") = "exercie 3", "exercie 3\exercie 3.csproj", "{A7623025-AE2C-4638-BD10-4B25580B8CC7}"
EndProject
Global
	GlobalSection(SolutionConfigurationPlatforms) = preSolution
		Debug|Any CPU = Debug|Any CPU
		Release|Any CPU = Release|Any CPU
	EndGlobalSection
	GlobalSection(ProjectConfigurationPlatforms) = postSolution
		{A7623025-AE2C-4638-BD10-4B25580B8CC7}.Debug|Any CPU.ActiveCfg = Debug|Any CPU
		{A7623025-AE2C-4638-BD10-4B25580B8CC7}.Debug|Any CPU.Build.0 = Debug|Any CPU
		{A7623025-AE2C-4638-BD10-4B25580B8CC7}.Release|Any CPU.ActiveCfg = Release|Any CPU
		{A7623025-AE2C-4638-BD10-4B25580B8CC7}.Release|Any CPU.Build.0 = Release|Any CPU
	EndGlobalSection
	GlobalSection(SolutionProperties) = preSolution
		HideSolutionNode = FALSE
	EndGlobalSection
	GlobalSection(ExtensibilityGlobals) = postSolution
		SolutionGuid = {E7AEE514-DF64-4DE0-A50D-D67C781816E1}
	EndGlobalSection
EndGlobal
